
Microsoft Visual Studio Solution File, Format Version 9.00
# Visual Studio 2005
Project("{FAE04EC0-301F-11D3-BF4B-00C04F79EFBC}") = "Ejercicio1", "Ejercicio1\Ejercicio1.csproj", "{0448F168-4304-41AC-9384-D8E58CEF269C}"
EndProject
Global
	GlobalSection(SolutionConfigurationPlatforms) = preSolution
		Debug|Any CPU = Debug|Any CPU
		Release|Any CPU = Release|Any CPU
	EndGlobalSection
	GlobalSection(ProjectConfigurationPlatforms) = postSolution
		{0448F168-4304-41AC-9384-D8E58CEF269C}.Debug|Any CPU.ActiveCfg = Debug|Any CPU
		{0448F168-4304-41AC-9384-D8E58CEF269C}.Debug|Any CPU.Build.0 = Debug|Any CPU
		{0448F168-4304-41AC-9384-D8E58CEF269C}.Release|Any CPU.ActiveCfg = Release|Any CPU
		{0448F168-4304-41AC-9384-D8E58CEF269C}.Release|Any CPU.Build.0 = Release|Any CPU
	EndGlobalSection
	GlobalSection(SolutionProperties) = preSolution
		HideSolutionNode = FALSE
	EndGlobalSection
EndGlobal
