
Microsoft Visual Studio Solution File, Format Version 9.00
# Visual Studio 2005
Project("{FAE04EC0-301F-11D3-BF4B-00C04F79EFBC}") = "Strings", "Strings\Strings.csproj", "{73D1229E-4DF9-4068-8926-EC257350CF9C}"
EndProject
Global
	GlobalSection(SolutionConfigurationPlatforms) = preSolution
		Debug|Any CPU = Debug|Any CPU
		Release|Any CPU = Release|Any CPU
	EndGlobalSection
	GlobalSection(ProjectConfigurationPlatforms) = postSolution
		{73D1229E-4DF9-4068-8926-EC257350CF9C}.Debug|Any CPU.ActiveCfg = Debug|Any CPU
		{73D1229E-4DF9-4068-8926-EC257350CF9C}.Debug|Any CPU.Build.0 = Debug|Any CPU
		{73D1229E-4DF9-4068-8926-EC257350CF9C}.Release|Any CPU.ActiveCfg = Release|Any CPU
		{73D1229E-4DF9-4068-8926-EC257350CF9C}.Release|Any CPU.Build.0 = Release|Any CPU
	EndGlobalSection
	GlobalSection(SolutionProperties) = preSolution
		HideSolutionNode = FALSE
	EndGlobalSection
EndGlobal
