
Microsoft Visual Studio Solution File, Format Version 9.00
# Visual Studio 2005
Project("{FAE04EC0-301F-11D3-BF4B-00C04F79EFBC}") = "Ejercicio7", "Ejercicio7\Ejercicio7.csproj", "{C4940451-1D9C-432D-B644-2C04C78FA3AA}"
EndProject
Global
	GlobalSection(SolutionConfigurationPlatforms) = preSolution
		Debug|Any CPU = Debug|Any CPU
		Release|Any CPU = Release|Any CPU
	EndGlobalSection
	GlobalSection(ProjectConfigurationPlatforms) = postSolution
		{C4940451-1D9C-432D-B644-2C04C78FA3AA}.Debug|Any CPU.ActiveCfg = Debug|Any CPU
		{C4940451-1D9C-432D-B644-2C04C78FA3AA}.Debug|Any CPU.Build.0 = Debug|Any CPU
		{C4940451-1D9C-432D-B644-2C04C78FA3AA}.Release|Any CPU.ActiveCfg = Release|Any CPU
		{C4940451-1D9C-432D-B644-2C04C78FA3AA}.Release|Any CPU.Build.0 = Release|Any CPU
	EndGlobalSection
	GlobalSection(SolutionProperties) = preSolution
		HideSolutionNode = FALSE
	EndGlobalSection
EndGlobal
