
Microsoft Visual Studio Solution File, Format Version 9.00
# Visual Studio 2005
Project("{FAE04EC0-301F-11D3-BF4B-00C04F79EFBC}") = "XMLparser", "XMLparser\XMLparser.csproj", "{FA730769-5E63-4B2C-AFCC-C14E586ED558}"
EndProject
Global
	GlobalSection(SolutionConfigurationPlatforms) = preSolution
		Debug|Any CPU = Debug|Any CPU
		Release|Any CPU = Release|Any CPU
	EndGlobalSection
	GlobalSection(ProjectConfigurationPlatforms) = postSolution
		{FA730769-5E63-4B2C-AFCC-C14E586ED558}.Debug|Any CPU.ActiveCfg = Debug|Any CPU
		{FA730769-5E63-4B2C-AFCC-C14E586ED558}.Debug|Any CPU.Build.0 = Debug|Any CPU
		{FA730769-5E63-4B2C-AFCC-C14E586ED558}.Release|Any CPU.ActiveCfg = Release|Any CPU
		{FA730769-5E63-4B2C-AFCC-C14E586ED558}.Release|Any CPU.Build.0 = Release|Any CPU
	EndGlobalSection
	GlobalSection(SolutionProperties) = preSolution
		HideSolutionNode = FALSE
	EndGlobalSection
EndGlobal
