
Microsoft Visual Studio Solution File, Format Version 10.00
# Visual Studio 2008
Project("{FAE04EC0-301F-11D3-BF4B-00C04F79EFBC}") = "LabSintaxis1", "LabSintaxis1\LabSintaxis1.csproj", "{42432574-9EE2-408C-B87D-A78BB3E24D0C}"
EndProject
Global
	GlobalSection(SolutionConfigurationPlatforms) = preSolution
		Debug|Any CPU = Debug|Any CPU
		Release|Any CPU = Release|Any CPU
	EndGlobalSection
	GlobalSection(ProjectConfigurationPlatforms) = postSolution
		{42432574-9EE2-408C-B87D-A78BB3E24D0C}.Debug|Any CPU.ActiveCfg = Debug|Any CPU
		{42432574-9EE2-408C-B87D-A78BB3E24D0C}.Debug|Any CPU.Build.0 = Debug|Any CPU
		{42432574-9EE2-408C-B87D-A78BB3E24D0C}.Release|Any CPU.ActiveCfg = Release|Any CPU
		{42432574-9EE2-408C-B87D-A78BB3E24D0C}.Release|Any CPU.Build.0 = Release|Any CPU
	EndGlobalSection
	GlobalSection(SolutionProperties) = preSolution
		HideSolutionNode = FALSE
	EndGlobalSection
EndGlobal
