
Microsoft Visual Studio Solution File, Format Version 9.00
# Visual Studio 2005
Project("{FAE04EC0-301F-11D3-BF4B-00C04F79EFBC}") = "LabClases1", "LabClases1\LabClases1.csproj", "{10C6FAB1-9A1A-4D24-9D66-299B7FD07C72}"
EndProject
Project("{FAE04EC0-301F-11D3-BF4B-00C04F79EFBC}") = "Clases", "Clases\Clases.csproj", "{55738702-19E1-42F7-9478-BC8D8ACE5122}"
EndProject
Global
	GlobalSection(SolutionConfigurationPlatforms) = preSolution
		Debug|Any CPU = Debug|Any CPU
		Release|Any CPU = Release|Any CPU
	EndGlobalSection
	GlobalSection(ProjectConfigurationPlatforms) = postSolution
		{10C6FAB1-9A1A-4D24-9D66-299B7FD07C72}.Debug|Any CPU.ActiveCfg = Debug|Any CPU
		{10C6FAB1-9A1A-4D24-9D66-299B7FD07C72}.Debug|Any CPU.Build.0 = Debug|Any CPU
		{10C6FAB1-9A1A-4D24-9D66-299B7FD07C72}.Release|Any CPU.ActiveCfg = Release|Any CPU
		{10C6FAB1-9A1A-4D24-9D66-299B7FD07C72}.Release|Any CPU.Build.0 = Release|Any CPU
		{55738702-19E1-42F7-9478-BC8D8ACE5122}.Debug|Any CPU.ActiveCfg = Debug|Any CPU
		{55738702-19E1-42F7-9478-BC8D8ACE5122}.Debug|Any CPU.Build.0 = Debug|Any CPU
		{55738702-19E1-42F7-9478-BC8D8ACE5122}.Release|Any CPU.ActiveCfg = Release|Any CPU
		{55738702-19E1-42F7-9478-BC8D8ACE5122}.Release|Any CPU.Build.0 = Release|Any CPU
	EndGlobalSection
	GlobalSection(SolutionProperties) = preSolution
		HideSolutionNode = FALSE
	EndGlobalSection
EndGlobal
