
Microsoft Visual Studio Solution File, Format Version 9.00
# Visual Studio 2005
Project("{FAE04EC0-301F-11D3-BF4B-00C04F79EFBC}") = "GenericsLab", "GenericsLab\GenericsLab.csproj", "{130ED976-4586-4881-8FAF-E779953587BA}"
EndProject
Global
	GlobalSection(SolutionConfigurationPlatforms) = preSolution
		Debug|Any CPU = Debug|Any CPU
		Release|Any CPU = Release|Any CPU
	EndGlobalSection
	GlobalSection(ProjectConfigurationPlatforms) = postSolution
		{130ED976-4586-4881-8FAF-E779953587BA}.Debug|Any CPU.ActiveCfg = Debug|Any CPU
		{130ED976-4586-4881-8FAF-E779953587BA}.Debug|Any CPU.Build.0 = Debug|Any CPU
		{130ED976-4586-4881-8FAF-E779953587BA}.Release|Any CPU.ActiveCfg = Release|Any CPU
		{130ED976-4586-4881-8FAF-E779953587BA}.Release|Any CPU.Build.0 = Release|Any CPU
	EndGlobalSection
	GlobalSection(SolutionProperties) = preSolution
		HideSolutionNode = FALSE
	EndGlobalSection
EndGlobal
