
Microsoft Visual Studio Solution File, Format Version 9.00
# Visual C# Express 2005
Project("{FAE04EC0-301F-11D3-BF4B-00C04F79EFBC}") = "AccesoDatos", "AccesoDatos\AccesoDatos.csproj", "{F768E9E0-B0A5-48FB-BF1F-B9381481C266}"
EndProject
Project("{FAE04EC0-301F-11D3-BF4B-00C04F79EFBC}") = "ReglasNegocio", "ReglasNegocio\ReglasNegocio.csproj", "{5B3DFE7C-1AFC-4491-BF64-4A851BFF38AF}"
EndProject
Project("{FAE04EC0-301F-11D3-BF4B-00C04F79EFBC}") = "Cliente", "Cliente\Cliente.csproj", "{328363F1-BCC8-4D8B-B3DE-22DA472427EE}"
EndProject
Global
	GlobalSection(SolutionConfigurationPlatforms) = preSolution
		Debug|Any CPU = Debug|Any CPU
		Release|Any CPU = Release|Any CPU
	EndGlobalSection
	GlobalSection(ProjectConfigurationPlatforms) = postSolution
		{F768E9E0-B0A5-48FB-BF1F-B9381481C266}.Debug|Any CPU.ActiveCfg = Debug|Any CPU
		{F768E9E0-B0A5-48FB-BF1F-B9381481C266}.Debug|Any CPU.Build.0 = Debug|Any CPU
		{F768E9E0-B0A5-48FB-BF1F-B9381481C266}.Release|Any CPU.ActiveCfg = Release|Any CPU
		{F768E9E0-B0A5-48FB-BF1F-B9381481C266}.Release|Any CPU.Build.0 = Release|Any CPU
		{5B3DFE7C-1AFC-4491-BF64-4A851BFF38AF}.Debug|Any CPU.ActiveCfg = Debug|Any CPU
		{5B3DFE7C-1AFC-4491-BF64-4A851BFF38AF}.Debug|Any CPU.Build.0 = Debug|Any CPU
		{5B3DFE7C-1AFC-4491-BF64-4A851BFF38AF}.Release|Any CPU.ActiveCfg = Release|Any CPU
		{5B3DFE7C-1AFC-4491-BF64-4A851BFF38AF}.Release|Any CPU.Build.0 = Release|Any CPU
		{328363F1-BCC8-4D8B-B3DE-22DA472427EE}.Debug|Any CPU.ActiveCfg = Debug|Any CPU
		{328363F1-BCC8-4D8B-B3DE-22DA472427EE}.Debug|Any CPU.Build.0 = Debug|Any CPU
		{328363F1-BCC8-4D8B-B3DE-22DA472427EE}.Release|Any CPU.ActiveCfg = Release|Any CPU
		{328363F1-BCC8-4D8B-B3DE-22DA472427EE}.Release|Any CPU.Build.0 = Release|Any CPU
	EndGlobalSection
	GlobalSection(SolutionProperties) = preSolution
		HideSolutionNode = FALSE
	EndGlobalSection
EndGlobal
